# This file is automatically @generated by Poetry 1.8.2 and should not be changed by hand.

[[package]]
name = "blinker"
version = "1.8.2"
description = "Fast, simple object-to-object and broadcast signaling"
optional = false
python-versions = ">=3.8"
files = [
    {file = "blinker-1.8.2-py3-none-any.whl", hash = "sha256:1779309f71bf239144b9399d06ae925637cf6634cf6bd131104184531bf67c01"},
    {file = "blinker-1.8.2.tar.gz", hash = "sha256:8f77b09d3bf7c795e969e9486f39c2c5e9c39d4ee07424be2bc594ece9642d83"},
]

[[package]]
name = "click"
version = "8.1.7"
description = "Composable command line interface toolkit"
optional = false
python-versions = ">=3.7"
files = [
    {file = "click-8.1.7-py3-none-any.whl", hash = "sha256:ae74fb96c20a0277a1d615f1e4d73c8414f5a98db8b799a7931d1582f3390c28"},
    {file = "click-8.1.7.tar.gz", hash = "sha256:ca9853ad459e787e2192211578cc907e7594e294c7ccc834310722b41b9ca6de"},
]

[package.dependencies]
colorama = {version = "*", markers = "platform_system == \"Windows\""}

[[package]]
name = "clickhouse-driver"
version = "0.2.8"
description = "Python driver with native interface for ClickHouse"
optional = false
python-versions = "<4,>=3.7"
files = [
    {file = "clickhouse-driver-0.2.8.tar.gz", hash = "sha256:844b3080e558acbacd42ee569ec83ca7aaa3728f7077b9314c8d09aaa393d752"},
    {file = "clickhouse_driver-0.2.8-cp310-cp310-macosx_10_9_x86_64.whl", hash = "sha256:3a3a708e020ed2df59e424631f1822ffef4353912fcee143f3b7fc34e866621d"},
    {file = "clickhouse_driver-0.2.8-cp310-cp310-macosx_11_0_arm64.whl", hash = "sha256:d258d3c3ac0f03527e295eeaf3cebb0a976bc643f6817ccd1d0d71ce970641b4"},
    {file = "clickhouse_driver-0.2.8-cp310-cp310-manylinux_2_17_aarch64.manylinux2014_aarch64.whl", hash = "sha256:0f63fb64a55dea29ed6a7d1d6805ebc95c37108c8a36677bc045d904ad600828"},
    {file = "clickhouse_driver-0.2.8-cp310-cp310-manylinux_2_17_ppc64le.manylinux2014_ppc64le.whl", hash = "sha256:1b16d5dbd53fe32a99d3c4ab6c478c8aa9ae02aec5a2bd2f24180b0b4c03e1a5"},
    {file = "clickhouse_driver-0.2.8-cp310-cp310-manylinux_2_17_s390x.manylinux2014_s390x.whl", hash = "sha256:ad2e1850ce91301ae203bc555fb83272dfebb09ad4df99db38c608d45fc22fa4"},
    {file = "clickhouse_driver-0.2.8-cp310-cp310-manylinux_2_17_x86_64.manylinux2014_x86_64.whl", hash = "sha256:5ae9239f61a18050164185ec0a3e92469d084377a66ae033cc6b4efa15922867"},
    {file = "clickhouse_driver-0.2.8-cp310-cp310-manylinux_2_5_i686.manylinux1_i686.manylinux_2_17_i686.manylinux2014_i686.whl", hash = "sha256:b8f222f2577bf304e86eec73dbca9c19d7daa6abcafc0bef68bbf31dd461890b"},
    {file = "clickhouse_driver-0.2.8-cp310-cp310-musllinux_1_1_aarch64.whl", hash = "sha256:451ac3de1191531d030751b05f122219b93b3c509e781fad81c2c91f0e9256b6"},
    {file = "clickhouse_driver-0.2.8-cp310-cp310-musllinux_1_1_i686.whl", hash = "sha256:5a2c4fea88e91f1d5217b760ffea84631e647d8db2265b821cbe7b0e015c7807"},
    {file = "clickhouse_driver-0.2.8-cp310-cp310-musllinux_1_1_ppc64le.whl", hash = "sha256:19825a3044c48ab65dc6659eb9763e2f0821887bdd9ee14a2f9ae8c539281ebf"},
    {file = "clickhouse_driver-0.2.8-cp310-cp310-musllinux_1_1_s390x.whl", hash = "sha256:ae13044a10015225297868658a6f1843c2e34b9fcaa6268880e25c4fca9f3c4d"},
    {file = "clickhouse_driver-0.2.8-cp310-cp310-musllinux_1_1_x86_64.whl", hash = "sha256:548a77efb86012800e76db6d45b3dcffea9a1a26fa3d5fd42021298f0b9a6f16"},
    {file = "clickhouse_driver-0.2.8-cp310-cp310-win32.whl", hash = "sha256:ebe4328eaaf937365114b5bab5626600ee57e57d4d099ba2ddbae48c2493f73d"},
    {file = "clickhouse_driver-0.2.8-cp310-cp310-win_amd64.whl", hash = "sha256:7beaeb4d7e6c3aba7e02375eeca85b20cc8e54dc31fcdb25d3c4308f2cd9465f"},
    {file = "clickhouse_driver-0.2.8-cp311-cp311-macosx_10_9_x86_64.whl", hash = "sha256:8e06ef6bb701c8e42a9c686d77ad30805cf431bb79fa8fe0f4d3dee819e9a12c"},
    {file = "clickhouse_driver-0.2.8-cp311-cp311-macosx_11_0_arm64.whl", hash = "sha256:4afbcfa557419ed1783ecde3abbee1134e09b26c3ab0ada5b2118ae587357c2b"},
    {file = "clickhouse_driver-0.2.8-cp311-cp311-manylinux_2_17_aarch64.manylinux2014_aarch64.whl", hash = "sha256:85f628b4bf6db0fe8fe13da8576a9b95c23b463dff59f4c7aa58cedf529d7d97"},
    {file = "clickhouse_driver-0.2.8-cp311-cp311-manylinux_2_17_ppc64le.manylinux2014_ppc64le.whl", hash = "sha256:036f4b3283796ca51610385c7b24bdac1bb873f8a2e97a179f66544594aa9840"},
    {file = "clickhouse_driver-0.2.8-cp311-cp311-manylinux_2_17_s390x.manylinux2014_s390x.whl", hash = "sha256:2c8916d3d324ce8fd31f8dedd293dc2c29204b94785a5398d1ec1e7ea4e16a26"},
    {file = "clickhouse_driver-0.2.8-cp311-cp311-manylinux_2_17_x86_64.manylinux2014_x86_64.whl", hash = "sha256:30bee7cddd85c04ec49c753b53580364d907cc05c44daafe31b924a352e5e525"},
    {file = "clickhouse_driver-0.2.8-cp311-cp311-manylinux_2_5_i686.manylinux1_i686.manylinux_2_17_i686.manylinux2014_i686.whl", hash = "sha256:03c8a844f6b128348d099dc5d75fad70f4e85802d1649c1b835916ac94ae750a"},
    {file = "clickhouse_driver-0.2.8-cp311-cp311-musllinux_1_1_aarch64.whl", hash = "sha256:33965329393fd7740b445758787ddacdf70f35fa3411f98a1a86918fff679a46"},
    {file = "clickhouse_driver-0.2.8-cp311-cp311-musllinux_1_1_i686.whl", hash = "sha256:8cf85a7ebb0a56182c5b659602e20bae6b36c48a0edf518a6e6f56042d3fcee0"},
    {file = "clickhouse_driver-0.2.8-cp311-cp311-musllinux_1_1_ppc64le.whl", hash = "sha256:c10fd1f921ff82638cb9513b9b4acfb575b421c44ef6bf6cf57ee3c487b9d538"},
    {file = "clickhouse_driver-0.2.8-cp311-cp311-musllinux_1_1_s390x.whl", hash = "sha256:0a30d49bb6c34e3f5fe42e43dd6a7da0523ddfd05834ef02bd70b9363ea7de7e"},
    {file = "clickhouse_driver-0.2.8-cp311-cp311-musllinux_1_1_x86_64.whl", hash = "sha256:ea32c377a347b0801fc7f2b242f2ec7d78df58047097352672d0de5fbfa9e390"},
    {file = "clickhouse_driver-0.2.8-cp311-cp311-win32.whl", hash = "sha256:2a85529d1c0c3f2eedf7a4f736d0efc6e6c8032ac90ca5a63f7a067db58384fe"},
    {file = "clickhouse_driver-0.2.8-cp311-cp311-win_amd64.whl", hash = "sha256:1f438f83a7473ce7fe9c16cda8750e2fdda1b09fb87f0ec6b87a2b89acb13f24"},
    {file = "clickhouse_driver-0.2.8-cp312-cp312-macosx_10_9_x86_64.whl", hash = "sha256:9b71bbef6ee08252cee0593329c8ca8e623547627807d38195331f476eaf8136"},
    {file = "clickhouse_driver-0.2.8-cp312-cp312-macosx_11_0_arm64.whl", hash = "sha256:f30b3dd388f28eb4052851effe671354db55aea87de748aaf607e7048f72413e"},
    {file = "clickhouse_driver-0.2.8-cp312-cp312-manylinux_2_17_aarch64.manylinux2014_aarch64.whl", hash = "sha256:e3bb27ce7ca61089c04dc04dbf207c9165d62a85eb9c99d1451fd686b6b773f9"},
    {file = "clickhouse_driver-0.2.8-cp312-cp312-manylinux_2_17_ppc64le.manylinux2014_ppc64le.whl", hash = "sha256:59c04ec0b45602b6a63e0779ca7c3d3614be4710ec5ac7214da1b157d43527c5"},
    {file = "clickhouse_driver-0.2.8-cp312-cp312-manylinux_2_17_s390x.manylinux2014_s390x.whl", hash = "sha256:a61b14244993c7e0f312983455b7851576a85ab5a9fcc6374e75d2680a985e76"},
    {file = "clickhouse_driver-0.2.8-cp312-cp312-manylinux_2_17_x86_64.manylinux2014_x86_64.whl", hash = "sha256:c99a1b0b7759ccd1bf44c65210543c228ba704e3153014fd3aabfe56a227b1a5"},
    {file = "clickhouse_driver-0.2.8-cp312-cp312-manylinux_2_5_i686.manylinux1_i686.manylinux_2_17_i686.manylinux2014_i686.whl", hash = "sha256:9f14d860088ab2c7eeb3782c9490ad3f6bf6b1e9235e9db9c3b0079cd4751ffa"},
    {file = "clickhouse_driver-0.2.8-cp312-cp312-musllinux_1_1_aarch64.whl", hash = "sha256:303887a14a71faddcdee150bc8cde498c25c446b0a72ae586bd67d0c366dbff5"},
    {file = "clickhouse_driver-0.2.8-cp312-cp312-musllinux_1_1_i686.whl", hash = "sha256:359814e4f989c138bfb83e3c81f8f88c8449721dcf32cb8cc25fdb86f4b53c99"},
    {file = "clickhouse_driver-0.2.8-cp312-cp312-musllinux_1_1_ppc64le.whl", hash = "sha256:42de61b4cf9053698b14dbe29e1e3d78cb0a7aaef874fd854df390de5c9cc1f1"},
    {file = "clickhouse_driver-0.2.8-cp312-cp312-musllinux_1_1_s390x.whl", hash = "sha256:3bf3089f220480e5a69cbec79f3b65c23afb5c2836e7285234140e5f237f2768"},
    {file = "clickhouse_driver-0.2.8-cp312-cp312-musllinux_1_1_x86_64.whl", hash = "sha256:41daa4ae5ada22f10c758b0b3b477a51f5df56eef8569cff8e2275de6d9b1b96"},
    {file = "clickhouse_driver-0.2.8-cp312-cp312-win32.whl", hash = "sha256:03ea71c7167c6c38c3ba2bbed43615ce0c41ebf3bfa28d96ffcd93cd1cdd07d8"},
    {file = "clickhouse_driver-0.2.8-cp312-cp312-win_amd64.whl", hash = "sha256:76985286e10adb2115da116ae25647319bc485ad9e327cbc27296ccf0b052180"},
    {file = "clickhouse_driver-0.2.8-cp37-cp37m-macosx_10_9_x86_64.whl", hash = "sha256:271529124914c439a5bbcf8a90e3101311d60c1813e03c0467e01fbabef489ee"},
    {file = "clickhouse_driver-0.2.8-cp37-cp37m-manylinux_2_17_aarch64.manylinux2014_aarch64.whl", hash = "sha256:4f8f499746bc027c6d05de09efa7b2e4f2241f66c1ac2d6b7748f90709b00e10"},
    {file = "clickhouse_driver-0.2.8-cp37-cp37m-manylinux_2_17_ppc64le.manylinux2014_ppc64le.whl", hash = "sha256:f29f256520bb718c532e7fcd85250d4001f49acbaa9e6896bdf4a70d5557e2ef"},
    {file = "clickhouse_driver-0.2.8-cp37-cp37m-manylinux_2_17_s390x.manylinux2014_s390x.whl", hash = "sha256:104d062bdf7eab74e92efcbf72088b3241365242b4f119b3fe91057c4d80825c"},
    {file = "clickhouse_driver-0.2.8-cp37-cp37m-manylinux_2_17_x86_64.manylinux2014_x86_64.whl", hash = "sha256:ee34ed08592a6eff5e176f42897c6ab4dfd8c07df16e9f392e18f1f2ee3fe3ca"},
    {file = "clickhouse_driver-0.2.8-cp37-cp37m-manylinux_2_5_i686.manylinux1_i686.manylinux_2_17_i686.manylinux2014_i686.whl", hash = "sha256:f5be9a8d89de881d5ea9d46f9d293caa72dbc7f40b105374cafd88f52b2099ea"},
    {file = "clickhouse_driver-0.2.8-cp37-cp37m-musllinux_1_1_aarch64.whl", hash = "sha256:c57efc768fa87e83d6778e7bbd180dd1ff5d647044983ec7d238a8577bd25fa5"},
    {file = "clickhouse_driver-0.2.8-cp37-cp37m-musllinux_1_1_i686.whl", hash = "sha256:e1a003475f2d54e9fea8de86b57bc26b409c9efea3d298409ab831f194d62c3b"},
    {file = "clickhouse_driver-0.2.8-cp37-cp37m-musllinux_1_1_ppc64le.whl", hash = "sha256:fba71cf41934a23156290a70ef794a5dadc642b21cc25eb13e1f99f2512c8594"},
    {file = "clickhouse_driver-0.2.8-cp37-cp37m-musllinux_1_1_s390x.whl", hash = "sha256:7289b0e9d1019fed418c577963edd66770222554d1da0c491ca436593667256e"},
    {file = "clickhouse_driver-0.2.8-cp37-cp37m-musllinux_1_1_x86_64.whl", hash = "sha256:16e810cc9be18fdada545b9a521054214dd607bb7aa2f280ca488da23a077e48"},
    {file = "clickhouse_driver-0.2.8-cp37-cp37m-win32.whl", hash = "sha256:ed4a6590015f18f414250149255dc2ae81ae956b6e670b290d52c2ecb61ed517"},
    {file = "clickhouse_driver-0.2.8-cp37-cp37m-win_amd64.whl", hash = "sha256:9d454f16ccf1b2185cc630f6fb2160b1abde27759c4e94c42e30b9ea911d58f0"},
    {file = "clickhouse_driver-0.2.8-cp38-cp38-macosx_10_9_x86_64.whl", hash = "sha256:2e487d49c24448873a6802c34aa21858b9e3fb4a2605268a980a5c02b54a6bae"},
    {file = "clickhouse_driver-0.2.8-cp38-cp38-macosx_11_0_arm64.whl", hash = "sha256:e877de75b97ddb11a027a7499171ea0aa9cad569b18fce53c9d508353000cfae"},
    {file = "clickhouse_driver-0.2.8-cp38-cp38-manylinux_2_17_aarch64.manylinux2014_aarch64.whl", hash = "sha256:c60dcefddf6e2c65c92b7e6096c222ff6ed73b01b6c5712f9ce8a23f2ec80f1a"},
    {file = "clickhouse_driver-0.2.8-cp38-cp38-manylinux_2_17_ppc64le.manylinux2014_ppc64le.whl", hash = "sha256:422cbbabfad3f9b533d9f517f6f4e174111a613cba878402f7ef632b0eadec3a"},
    {file = "clickhouse_driver-0.2.8-cp38-cp38-manylinux_2_17_s390x.manylinux2014_s390x.whl", hash = "sha256:5ff8a8e25ff6051ff3d0528dbe36305b0140075d2fa49432149ee2a7841f23ed"},
    {file = "clickhouse_driver-0.2.8-cp38-cp38-manylinux_2_17_x86_64.manylinux2014_x86_64.whl", hash = "sha256:19c7a5960d4f7f9a8f9a560ae05020ff5afe874b565cce06510586a0096bb626"},
    {file = "clickhouse_driver-0.2.8-cp38-cp38-manylinux_2_5_i686.manylinux1_i686.manylinux_2_17_i686.manylinux2014_i686.whl", hash = "sha256:f5b3333257b46f307b713ba507e4bf11b7531ba3765a4150924532298d645ffd"},
    {file = "clickhouse_driver-0.2.8-cp38-cp38-musllinux_1_1_aarch64.whl", hash = "sha256:bbc2252a697c674e1b8b6123cf205d2b15979eddf74e7ada0e62a0ecc81a75c3"},
    {file = "clickhouse_driver-0.2.8-cp38-cp38-musllinux_1_1_i686.whl", hash = "sha256:af7f1a9a99dafb0f2a91d1a2d4a3e37f86076147d59abbe69b28d39308fe20fb"},
    {file = "clickhouse_driver-0.2.8-cp38-cp38-musllinux_1_1_ppc64le.whl", hash = "sha256:580c34cc505c492a8abeacbd863ce46158643bece914d8fe2fadea0e94c4e0c1"},
    {file = "clickhouse_driver-0.2.8-cp38-cp38-musllinux_1_1_s390x.whl", hash = "sha256:5b905eaa6fd3b453299f946a2c8f4a6392f379597e51e46297c6a37699226cda"},
    {file = "clickhouse_driver-0.2.8-cp38-cp38-musllinux_1_1_x86_64.whl", hash = "sha256:6e2b5891c52841aedf803b8054085eb8a611ad4bf57916787a1a9aabf618fb77"},
    {file = "clickhouse_driver-0.2.8-cp38-cp38-win32.whl", hash = "sha256:b58a5612db8b3577dc2ae6fda4c783d61c2376396bb364545530aa6a767f166d"},
    {file = "clickhouse_driver-0.2.8-cp38-cp38-win_amd64.whl", hash = "sha256:96b0424bb5dd698c10b899091562a78f4933a9a039409f310fb74db405d73854"},
    {file = "clickhouse_driver-0.2.8-cp39-cp39-macosx_10_9_x86_64.whl", hash = "sha256:22cbed52daa584ca9a93efd772ee5c8c1f68ceaaeb21673985004ec2fd411c49"},
    {file = "clickhouse_driver-0.2.8-cp39-cp39-macosx_11_0_arm64.whl", hash = "sha256:e36156fe8a355fc830cc0ea1267c804c631c9dbd9b6accdca868a426213e5929"},
    {file = "clickhouse_driver-0.2.8-cp39-cp39-manylinux_2_17_aarch64.manylinux2014_aarch64.whl", hash = "sha256:2c1341325f4180e1318d0d2cf0b268008ea250715c6f30a5ccce586860c000b5"},
    {file = "clickhouse_driver-0.2.8-cp39-cp39-manylinux_2_17_ppc64le.manylinux2014_ppc64le.whl", hash = "sha256:cb52161276f7d77d4af09f1aab97a16edf86014a89e3d9923f0a6b8fdaa12438"},
    {file = "clickhouse_driver-0.2.8-cp39-cp39-manylinux_2_17_s390x.manylinux2014_s390x.whl", hash = "sha256:0d1ccd47040c0a8753684a20a0f83b8a0820386889fdf460a3248e0eed142032"},
    {file = "clickhouse_driver-0.2.8-cp39-cp39-manylinux_2_17_x86_64.manylinux2014_x86_64.whl", hash = "sha256:fcda48e938d011e5f4dcebf965e6ec19e020e8efa207b98eeb99c12fa873236d"},
    {file = "clickhouse_driver-0.2.8-cp39-cp39-manylinux_2_5_i686.manylinux1_i686.manylinux_2_17_i686.manylinux2014_i686.whl", hash = "sha256:2252ab3f8b3bbd705e1d7dc80395c7bea14f5ae51a268fc7be5328da77c0e200"},
    {file = "clickhouse_driver-0.2.8-cp39-cp39-musllinux_1_1_aarch64.whl", hash = "sha256:e1b9ef3fa0cc6c9de77daa74a2f183186d0b5556c4f6870fc966a41fde6cae2b"},
    {file = "clickhouse_driver-0.2.8-cp39-cp39-musllinux_1_1_i686.whl", hash = "sha256:d0afa3c68fed6b5e6f23eb3f053d3aba86d09dbbc7706a0120ab5595d5c37003"},
    {file = "clickhouse_driver-0.2.8-cp39-cp39-musllinux_1_1_ppc64le.whl", hash = "sha256:102027bb687ff7a978f7110348f39f0dce450ab334787edbc64b8a9927238e32"},
    {file = "clickhouse_driver-0.2.8-cp39-cp39-musllinux_1_1_s390x.whl", hash = "sha256:9fc1ae52a171ded7d9f1f971b9b5bb0ce4d0490a54e102f3717cea51011d0308"},
    {file = "clickhouse_driver-0.2.8-cp39-cp39-musllinux_1_1_x86_64.whl", hash = "sha256:5a62c691be83b1da72ff3455790b50b0f894b7932ac962a8133f3f9c04c943b3"},
    {file = "clickhouse_driver-0.2.8-cp39-cp39-win32.whl", hash = "sha256:8b5068cef07cfba5be25a9a461c010ce7a0fe2de5b0b0262c6030684f43fa7f5"},
    {file = "clickhouse_driver-0.2.8-cp39-cp39-win_amd64.whl", hash = "sha256:cd71965d00b0f3ba992652d577b1d46b87100a67b3e0dc5c191c88092e484c81"},
    {file = "clickhouse_driver-0.2.8-pp310-pypy310_pp73-macosx_10_9_x86_64.whl", hash = "sha256:4db0812c43f67e7b1805c05e2bc08f7d670ddfd8d8c671c9b47cdb52f4f74129"},
    {file = "clickhouse_driver-0.2.8-pp310-pypy310_pp73-manylinux_2_17_aarch64.manylinux2014_aarch64.whl", hash = "sha256:56622ffefe94a82d9a30747e3486819104d1310d7a94f0e37da461d7112e9864"},
    {file = "clickhouse_driver-0.2.8-pp310-pypy310_pp73-manylinux_2_17_x86_64.manylinux2014_x86_64.whl", hash = "sha256:8c47c8ed61b2f35bb29d991f66d6e03d5cc786def56533480331b2a584854dd5"},
    {file = "clickhouse_driver-0.2.8-pp310-pypy310_pp73-manylinux_2_5_i686.manylinux1_i686.manylinux_2_17_i686.manylinux2014_i686.whl", hash = "sha256:dec001a1a49b993522dd134d2fca161352f139d42edcda0e983b8ea8f5023cda"},
    {file = "clickhouse_driver-0.2.8-pp310-pypy310_pp73-win_amd64.whl", hash = "sha256:c03bd486540a6c03aa5a164b7ec6c50980df9642ab1ce22cb70327e4090bdc60"},
    {file = "clickhouse_driver-0.2.8-pp37-pypy37_pp73-macosx_10_9_x86_64.whl", hash = "sha256:c059c3da454f0cc0a6f056b542a0c1784cd0398613d25326b11fd1c6f9f7e8d2"},
    {file = "clickhouse_driver-0.2.8-pp37-pypy37_pp73-manylinux_2_17_aarch64.manylinux2014_aarch64.whl", hash = "sha256:fc7f9677c637b710046ec6c6c0cab25b4c4ff21620e44f462041d7455e9e8d13"},
    {file = "clickhouse_driver-0.2.8-pp37-pypy37_pp73-manylinux_2_17_x86_64.manylinux2014_x86_64.whl", hash = "sha256:ba3f6b8fdd7a2e6a831ebbcaaf346f7c8c5eb5085a350c9d4d1ce7053a050b70"},
    {file = "clickhouse_driver-0.2.8-pp37-pypy37_pp73-manylinux_2_5_i686.manylinux1_i686.manylinux_2_17_i686.manylinux2014_i686.whl", hash = "sha256:20c2db3ae29950c80837d270b5ab63c74597afce226b474930060cac7969287b"},
    {file = "clickhouse_driver-0.2.8-pp37-pypy37_pp73-win_amd64.whl", hash = "sha256:b7767019a301dad314e7b515046535a45eda84bd9c29590bc3e99b1c334f69e7"},
    {file = "clickhouse_driver-0.2.8-pp38-pypy38_pp73-macosx_10_9_x86_64.whl", hash = "sha256:ba8b8b80fa8850546aa40acc952835b1f149af17182cdf3db4f2133b2a241fe8"},
    {file = "clickhouse_driver-0.2.8-pp38-pypy38_pp73-manylinux_2_17_aarch64.manylinux2014_aarch64.whl", hash = "sha256:924f11e87e3dcbbc1c9e8158af9917f182cd5e96d37385485d6268f59b564142"},
    {file = "clickhouse_driver-0.2.8-pp38-pypy38_pp73-manylinux_2_17_x86_64.manylinux2014_x86_64.whl", hash = "sha256:4c39e1477ad310a4d276db17c1e1cf6fb059c29eb8d21351afefd5a22de381c6"},
    {file = "clickhouse_driver-0.2.8-pp38-pypy38_pp73-manylinux_2_5_i686.manylinux1_i686.manylinux_2_17_i686.manylinux2014_i686.whl", hash = "sha256:e950b9a63af5fa233e3da0e57a7ebd85d4b319e65eef5f9daac84532836f4123"},
    {file = "clickhouse_driver-0.2.8-pp38-pypy38_pp73-win_amd64.whl", hash = "sha256:0698dc57373b2f42f3a95bd419d9fa07f2d02150f13a0db2909a2651208262b9"},
    {file = "clickhouse_driver-0.2.8-pp39-pypy39_pp73-macosx_10_9_x86_64.whl", hash = "sha256:e0694ca2fb459c23e44036d975fe89544a7c9918618b5d8bda9a8aa2d24e5c37"},
    {file = "clickhouse_driver-0.2.8-pp39-pypy39_pp73-manylinux_2_17_aarch64.manylinux2014_aarch64.whl", hash = "sha256:62620348aeae5a905ccb8f7e6bff8d76aae9a95d81aa8c8f6fce0f2af7e104b8"},
    {file = "clickhouse_driver-0.2.8-pp39-pypy39_pp73-manylinux_2_17_x86_64.manylinux2014_x86_64.whl", hash = "sha256:66276fd5092cccdd6f3123df4357a068fb1972b7e2622fab6f235948c50b6eed"},
    {file = "clickhouse_driver-0.2.8-pp39-pypy39_pp73-manylinux_2_5_i686.manylinux1_i686.manylinux_2_17_i686.manylinux2014_i686.whl", hash = "sha256:f86fe87327662b597824d0d7505cc600b0919473b22bbbd178a1a4d4e29283e1"},
    {file = "clickhouse_driver-0.2.8-pp39-pypy39_pp73-win_amd64.whl", hash = "sha256:54b9c6ff0aaabdcf7e80a6d9432459611b3413d6a66bec41cbcdad7212721cc7"},
]

[package.dependencies]
pytz = "*"
tzlocal = "*"

[package.extras]
lz4 = ["clickhouse-cityhash (>=1.0.2.1)", "lz4", "lz4 (<=3.0.1)"]
numpy = ["numpy (>=1.12.0)", "pandas (>=0.24.0)"]
zstd = ["clickhouse-cityhash (>=1.0.2.1)", "zstd"]

[[package]]
name = "colorama"
version = "0.4.6"
description = "Cross-platform colored terminal text."
optional = false
python-versions = "!=3.0.*,!=3.1.*,!=3.2.*,!=3.3.*,!=3.4.*,!=3.5.*,!=3.6.*,>=2.7"
files = [
    {file = "colorama-0.4.6-py2.py3-none-any.whl", hash = "sha256:4f1d9991f5acc0ca119f9d443620b77f9d6b33703e51011c16baf57afb285fc6"},
    {file = "colorama-0.4.6.tar.gz", hash = "sha256:08695f5cb7ed6e0531a20572697297273c47b8cae5a63ffc6d6ed5c201be6e44"},
]

[[package]]
name = "flask"
version = "3.0.3"
description = "A simple framework for building complex web applications."
optional = false
python-versions = ">=3.8"
files = [
    {file = "flask-3.0.3-py3-none-any.whl", hash = "sha256:34e815dfaa43340d1d15a5c3a02b8476004037eb4840b34910c6e21679d288f3"},
    {file = "flask-3.0.3.tar.gz", hash = "sha256:ceb27b0af3823ea2737928a4d99d125a06175b8512c445cbd9a9ce200ef76842"},
]

[package.dependencies]
blinker = ">=1.6.2"
click = ">=8.1.3"
itsdangerous = ">=2.1.2"
Jinja2 = ">=3.1.2"
Werkzeug = ">=3.0.0"

[package.extras]
async = ["asgiref (>=3.2)"]
dotenv = ["python-dotenv"]

[[package]]
name = "itsdangerous"
version = "2.2.0"
description = "Safely pass data to untrusted environments and back."
optional = false
python-versions = ">=3.8"
files = [
    {file = "itsdangerous-2.2.0-py3-none-any.whl", hash = "sha256:c6242fc49e35958c8b15141343aa660db5fc54d4f13a1db01a3f5891b98700ef"},
    {file = "itsdangerous-2.2.0.tar.gz", hash = "sha256:e0050c0b7da1eea53ffaf149c0cfbb5c6e2e2b69c4bef22c81fa6eb73e5f6173"},
]

[[package]]
name = "jinja2"
version = "3.1.4"
description = "A very fast and expressive template engine."
optional = false
python-versions = ">=3.7"
files = [
    {file = "jinja2-3.1.4-py3-none-any.whl", hash = "sha256:bc5dd2abb727a5319567b7a813e6a2e7318c39f4f487cfe6c89c6f9c7d25197d"},
    {file = "jinja2-3.1.4.tar.gz", hash = "sha256:4a3aee7acbbe7303aede8e9648d13b8bf88a429282aa6122a993f0ac800cb369"},
]

[package.dependencies]
MarkupSafe = ">=2.0"

[package.extras]
i18n = ["Babel (>=2.7)"]

[[package]]
name = "markupsafe"
version = "2.1.5"
description = "Safely add untrusted strings to HTML/XML markup."
optional = false
python-versions = ">=3.7"
files = [
    {file = "MarkupSafe-2.1.5-cp310-cp310-macosx_10_9_universal2.whl", hash = "sha256:a17a92de5231666cfbe003f0e4b9b3a7ae3afb1ec2845aadc2bacc93ff85febc"},
    {file = "MarkupSafe-2.1.5-cp310-cp310-macosx_10_9_x86_64.whl", hash = "sha256:72b6be590cc35924b02c78ef34b467da4ba07e4e0f0454a2c5907f473fc50ce5"},
    {file = "MarkupSafe-2.1.5-cp310-cp310-manylinux_2_17_aarch64.manylinux2014_aarch64.whl", hash = "sha256:e61659ba32cf2cf1481e575d0462554625196a1f2fc06a1c777d3f48e8865d46"},
    {file = "MarkupSafe-2.1.5-cp310-cp310-manylinux_2_17_x86_64.manylinux2014_x86_64.whl", hash = "sha256:2174c595a0d73a3080ca3257b40096db99799265e1c27cc5a610743acd86d62f"},
    {file = "MarkupSafe-2.1.5-cp310-cp310-manylinux_2_5_i686.manylinux1_i686.manylinux_2_17_i686.manylinux2014_i686.whl", hash = "sha256:ae2ad8ae6ebee9d2d94b17fb62763125f3f374c25618198f40cbb8b525411900"},
    {file = "MarkupSafe-2.1.5-cp310-cp310-musllinux_1_1_aarch64.whl", hash = "sha256:075202fa5b72c86ad32dc7d0b56024ebdbcf2048c0ba09f1cde31bfdd57bcfff"},
    {file = "MarkupSafe-2.1.5-cp310-cp310-musllinux_1_1_i686.whl", hash = "sha256:598e3276b64aff0e7b3451b72e94fa3c238d452e7ddcd893c3ab324717456bad"},
    {file = "MarkupSafe-2.1.5-cp310-cp310-musllinux_1_1_x86_64.whl", hash = "sha256:fce659a462a1be54d2ffcacea5e3ba2d74daa74f30f5f143fe0c58636e355fdd"},
    {file = "MarkupSafe-2.1.5-cp310-cp310-win32.whl", hash = "sha256:d9fad5155d72433c921b782e58892377c44bd6252b5af2f67f16b194987338a4"},
    {file = "MarkupSafe-2.1.5-cp310-cp310-win_amd64.whl", hash = "sha256:bf50cd79a75d181c9181df03572cdce0fbb75cc353bc350712073108cba98de5"},
    {file = "MarkupSafe-2.1.5-cp311-cp311-macosx_10_9_universal2.whl", hash = "sha256:629ddd2ca402ae6dbedfceeba9c46d5f7b2a61d9749597d4307f943ef198fc1f"},
    {file = "MarkupSafe-2.1.5-cp311-cp311-macosx_10_9_x86_64.whl", hash = "sha256:5b7b716f97b52c5a14bffdf688f971b2d5ef4029127f1ad7a513973cfd818df2"},
    {file = "MarkupSafe-2.1.5-cp311-cp311-manylinux_2_17_aarch64.manylinux2014_aarch64.whl", hash = "sha256:6ec585f69cec0aa07d945b20805be741395e28ac1627333b1c5b0105962ffced"},
    {file = "MarkupSafe-2.1.5-cp311-cp311-manylinux_2_17_x86_64.manylinux2014_x86_64.whl", hash = "sha256:b91c037585eba9095565a3556f611e3cbfaa42ca1e865f7b8015fe5c7336d5a5"},
    {file = "MarkupSafe-2.1.5-cp311-cp311-manylinux_2_5_i686.manylinux1_i686.manylinux_2_17_i686.manylinux2014_i686.whl", hash = "sha256:7502934a33b54030eaf1194c21c692a534196063db72176b0c4028e140f8f32c"},
    {file = "MarkupSafe-2.1.5-cp311-cp311-musllinux_1_1_aarch64.whl", hash = "sha256:0e397ac966fdf721b2c528cf028494e86172b4feba51d65f81ffd65c63798f3f"},
    {file = "MarkupSafe-2.1.5-cp311-cp311-musllinux_1_1_i686.whl", hash = "sha256:c061bb86a71b42465156a3ee7bd58c8c2ceacdbeb95d05a99893e08b8467359a"},
    {file = "MarkupSafe-2.1.5-cp311-cp311-musllinux_1_1_x86_64.whl", hash = "sha256:3a57fdd7ce31c7ff06cdfbf31dafa96cc533c21e443d57f5b1ecc6cdc668ec7f"},
    {file = "MarkupSafe-2.1.5-cp311-cp311-win32.whl", hash = "sha256:397081c1a0bfb5124355710fe79478cdbeb39626492b15d399526ae53422b906"},
    {file = "MarkupSafe-2.1.5-cp311-cp311-win_amd64.whl", hash = "sha256:2b7c57a4dfc4f16f7142221afe5ba4e093e09e728ca65c51f5620c9aaeb9a617"},
    {file = "MarkupSafe-2.1.5-cp312-cp312-macosx_10_9_universal2.whl", hash = "sha256:8dec4936e9c3100156f8a2dc89c4b88d5c435175ff03413b443469c7c8c5f4d1"},
    {file = "MarkupSafe-2.1.5-cp312-cp312-macosx_10_9_x86_64.whl", hash = "sha256:3c6b973f22eb18a789b1460b4b91bf04ae3f0c4234a0a6aa6b0a92f6f7b951d4"},
    {file = "MarkupSafe-2.1.5-cp312-cp312-manylinux_2_17_aarch64.manylinux2014_aarch64.whl", hash = "sha256:ac07bad82163452a6884fe8fa0963fb98c2346ba78d779ec06bd7a6262132aee"},
    {file = "MarkupSafe-2.1.5-cp312-cp312-manylinux_2_17_x86_64.manylinux2014_x86_64.whl", hash = "sha256:f5dfb42c4604dddc8e4305050aa6deb084540643ed5804d7455b5df8fe16f5e5"},
    {file = "MarkupSafe-2.1.5-cp312-cp312-manylinux_2_5_i686.manylinux1_i686.manylinux_2_17_i686.manylinux2014_i686.whl", hash = "sha256:ea3d8a3d18833cf4304cd2fc9cbb1efe188ca9b5efef2bdac7adc20594a0e46b"},
    {file = "MarkupSafe-2.1.5-cp312-cp312-musllinux_1_1_aarch64.whl", hash = "sha256:d050b3361367a06d752db6ead6e7edeb0009be66bc3bae0ee9d97fb326badc2a"},
    {file = "MarkupSafe-2.1.5-cp312-cp312-musllinux_1_1_i686.whl", hash = "sha256:bec0a414d016ac1a18862a519e54b2fd0fc8bbfd6890376898a6c0891dd82e9f"},
    {file = "MarkupSafe-2.1.5-cp312-cp312-musllinux_1_1_x86_64.whl", hash = "sha256:58c98fee265677f63a4385256a6d7683ab1832f3ddd1e66fe948d5880c21a169"},
    {file = "MarkupSafe-2.1.5-cp312-cp312-win32.whl", hash = "sha256:8590b4ae07a35970728874632fed7bd57b26b0102df2d2b233b6d9d82f6c62ad"},
    {file = "MarkupSafe-2.1.5-cp312-cp312-win_amd64.whl", hash = "sha256:823b65d8706e32ad2df51ed89496147a42a2a6e01c13cfb6ffb8b1e92bc910bb"},
    {file = "MarkupSafe-2.1.5-cp37-cp37m-macosx_10_9_x86_64.whl", hash = "sha256:c8b29db45f8fe46ad280a7294f5c3ec36dbac9491f2d1c17345be8e69cc5928f"},
    {file = "MarkupSafe-2.1.5-cp37-cp37m-manylinux_2_17_aarch64.manylinux2014_aarch64.whl", hash = "sha256:ec6a563cff360b50eed26f13adc43e61bc0c04d94b8be985e6fb24b81f6dcfdf"},
    {file = "MarkupSafe-2.1.5-cp37-cp37m-manylinux_2_17_x86_64.manylinux2014_x86_64.whl", hash = "sha256:a549b9c31bec33820e885335b451286e2969a2d9e24879f83fe904a5ce59d70a"},
    {file = "MarkupSafe-2.1.5-cp37-cp37m-manylinux_2_5_i686.manylinux1_i686.manylinux_2_17_i686.manylinux2014_i686.whl", hash = "sha256:4f11aa001c540f62c6166c7726f71f7573b52c68c31f014c25cc7901deea0b52"},
    {file = "MarkupSafe-2.1.5-cp37-cp37m-musllinux_1_1_aarch64.whl", hash = "sha256:7b2e5a267c855eea6b4283940daa6e88a285f5f2a67f2220203786dfa59b37e9"},
    {file = "MarkupSafe-2.1.5-cp37-cp37m-musllinux_1_1_i686.whl", hash = "sha256:2d2d793e36e230fd32babe143b04cec8a8b3eb8a3122d2aceb4a371e6b09b8df"},
    {file = "MarkupSafe-2.1.5-cp37-cp37m-musllinux_1_1_x86_64.whl", hash = "sha256:ce409136744f6521e39fd8e2a24c53fa18ad67aa5bc7c2cf83645cce5b5c4e50"},
    {file = "MarkupSafe-2.1.5-cp37-cp37m-win32.whl", hash = "sha256:4096e9de5c6fdf43fb4f04c26fb114f61ef0bf2e5604b6ee3019d51b69e8c371"},
    {file = "MarkupSafe-2.1.5-cp37-cp37m-win_amd64.whl", hash = "sha256:4275d846e41ecefa46e2015117a9f491e57a71ddd59bbead77e904dc02b1bed2"},
    {file = "MarkupSafe-2.1.5-cp38-cp38-macosx_10_9_universal2.whl", hash = "sha256:656f7526c69fac7f600bd1f400991cc282b417d17539a1b228617081106feb4a"},
    {file = "MarkupSafe-2.1.5-cp38-cp38-macosx_10_9_x86_64.whl", hash = "sha256:97cafb1f3cbcd3fd2b6fbfb99ae11cdb14deea0736fc2b0952ee177f2b813a46"},
    {file = "MarkupSafe-2.1.5-cp38-cp38-manylinux_2_17_aarch64.manylinux2014_aarch64.whl", hash = "sha256:1f3fbcb7ef1f16e48246f704ab79d79da8a46891e2da03f8783a5b6fa41a9532"},
    {file = "MarkupSafe-2.1.5-cp38-cp38-manylinux_2_17_x86_64.manylinux2014_x86_64.whl", hash = "sha256:fa9db3f79de01457b03d4f01b34cf91bc0048eb2c3846ff26f66687c2f6d16ab"},
    {file = "MarkupSafe-2.1.5-cp38-cp38-manylinux_2_5_i686.manylinux1_i686.manylinux_2_17_i686.manylinux2014_i686.whl", hash = "sha256:ffee1f21e5ef0d712f9033568f8344d5da8cc2869dbd08d87c84656e6a2d2f68"},
    {file = "MarkupSafe-2.1.5-cp38-cp38-musllinux_1_1_aarch64.whl", hash = "sha256:5dedb4db619ba5a2787a94d877bc8ffc0566f92a01c0ef214865e54ecc9ee5e0"},
    {file = "MarkupSafe-2.1.5-cp38-cp38-musllinux_1_1_i686.whl", hash = "sha256:30b600cf0a7ac9234b2638fbc0fb6158ba5bdcdf46aeb631ead21248b9affbc4"},
    {file = "MarkupSafe-2.1.5-cp38-cp38-musllinux_1_1_x86_64.whl", hash = "sha256:8dd717634f5a044f860435c1d8c16a270ddf0ef8588d4887037c5028b859b0c3"},
    {file = "MarkupSafe-2.1.5-cp38-cp38-win32.whl", hash = "sha256:daa4ee5a243f0f20d528d939d06670a298dd39b1ad5f8a72a4275124a7819eff"},
    {file = "MarkupSafe-2.1.5-cp38-cp38-win_amd64.whl", hash = "sha256:619bc166c4f2de5caa5a633b8b7326fbe98e0ccbfacabd87268a2b15ff73a029"},
    {file = "MarkupSafe-2.1.5-cp39-cp39-macosx_10_9_universal2.whl", hash = "sha256:7a68b554d356a91cce1236aa7682dc01df0edba8d043fd1ce607c49dd3c1edcf"},
    {file = "MarkupSafe-2.1.5-cp39-cp39-macosx_10_9_x86_64.whl", hash = "sha256:db0b55e0f3cc0be60c1f19efdde9a637c32740486004f20d1cff53c3c0ece4d2"},
    {file = "MarkupSafe-2.1.5-cp39-cp39-manylinux_2_17_aarch64.manylinux2014_aarch64.whl", hash = "sha256:3e53af139f8579a6d5f7b76549125f0d94d7e630761a2111bc431fd820e163b8"},
    {file = "MarkupSafe-2.1.5-cp39-cp39-manylinux_2_17_x86_64.manylinux2014_x86_64.whl", hash = "sha256:17b950fccb810b3293638215058e432159d2b71005c74371d784862b7e4683f3"},
    {file = "MarkupSafe-2.1.5-cp39-cp39-manylinux_2_5_i686.manylinux1_i686.manylinux_2_17_i686.manylinux2014_i686.whl", hash = "sha256:4c31f53cdae6ecfa91a77820e8b151dba54ab528ba65dfd235c80b086d68a465"},
    {file = "MarkupSafe-2.1.5-cp39-cp39-musllinux_1_1_aarch64.whl", hash = "sha256:bff1b4290a66b490a2f4719358c0cdcd9bafb6b8f061e45c7a2460866bf50c2e"},
    {file = "MarkupSafe-2.1.5-cp39-cp39-musllinux_1_1_i686.whl", hash = "sha256:bc1667f8b83f48511b94671e0e441401371dfd0f0a795c7daa4a3cd1dde55bea"},
    {file = "MarkupSafe-2.1.5-cp39-cp39-musllinux_1_1_x86_64.whl", hash = "sha256:5049256f536511ee3f7e1b3f87d1d1209d327e818e6ae1365e8653d7e3abb6a6"},
    {file = "MarkupSafe-2.1.5-cp39-cp39-win32.whl", hash = "sha256:00e046b6dd71aa03a41079792f8473dc494d564611a8f89bbbd7cb93295ebdcf"},
    {file = "MarkupSafe-2.1.5-cp39-cp39-win_amd64.whl", hash = "sha256:fa173ec60341d6bb97a89f5ea19c85c5643c1e7dedebc22f5181eb73573142c5"},
    {file = "MarkupSafe-2.1.5.tar.gz", hash = "sha256:d283d37a890ba4c1ae73ffadf8046435c76e7bc2247bbb63c00bd1a709c6544b"},
]

[[package]]
name = "pytz"
version = "2024.1"
description = "World timezone definitions, modern and historical"
optional = false
python-versions = "*"
files = [
    {file = "pytz-2024.1-py2.py3-none-any.whl", hash = "sha256:328171f4e3623139da4983451950b28e95ac706e13f3f2630a879749e7a8b319"},
    {file = "pytz-2024.1.tar.gz", hash = "sha256:2a29735ea9c18baf14b448846bde5a48030ed267578472d8955cd0e7443a9812"},
]

[[package]]
name = "tzdata"
version = "2024.1"
description = "Provider of IANA time zone data"
optional = false
python-versions = ">=2"
files = [
    {file = "tzdata-2024.1-py2.py3-none-any.whl", hash = "sha256:9068bc196136463f5245e51efda838afa15aaeca9903f49050dfa2679db4d252"},
    {file = "tzdata-2024.1.tar.gz", hash = "sha256:2674120f8d891909751c38abcdfd386ac0a5a1127954fbc332af6b5ceae07efd"},
]

[[package]]
name = "tzlocal"
version = "5.2"
description = "tzinfo object for the local timezone"
optional = false
python-versions = ">=3.8"
files = [
    {file = "tzlocal-5.2-py3-none-any.whl", hash = "sha256:49816ef2fe65ea8ac19d19aa7a1ae0551c834303d5014c6d5a62e4cbda8047b8"},
    {file = "tzlocal-5.2.tar.gz", hash = "sha256:8d399205578f1a9342816409cc1e46a93ebd5755e39ea2d85334bea911bf0e6e"},
]

[package.dependencies]
tzdata = {version = "*", markers = "platform_system == \"Windows\""}

[package.extras]
devenv = ["check-manifest", "pytest (>=4.3)", "pytest-cov", "pytest-mock (>=3.3)", "zest.releaser"]

[[package]]
name = "werkzeug"
version = "3.0.3"
description = "The comprehensive WSGI web application library."
optional = false
python-versions = ">=3.8"
files = [
    {file = "werkzeug-3.0.3-py3-none-any.whl", hash = "sha256:fc9645dc43e03e4d630d23143a04a7f947a9a3b5727cd535fdfe155a17cc48c8"},
    {file = "werkzeug-3.0.3.tar.gz", hash = "sha256:097e5bfda9f0aba8da6b8545146def481d06aa7d3266e7448e2cccf67dd8bd18"},
]

[package.dependencies]
MarkupSafe = ">=2.1.1"

[package.extras]
watchdog = ["watchdog (>=2.3)"]

[metadata]
lock-version = "2.0"
python-versions = "^3.12"
content-hash = "c54a9d3c4c884bfcd5c4f198b6120d4c85f1d1dd3239307d29d87f852b22fb5f"
